github.com/reugn/async v0.5.0 h1:tlMxdjDJHWoUK/SejHLzi07zoUM8xq1zWLg2aS+qq1U=
github.com/reugn/async v0.5.0/go.mod h1:dqC0G1/FB/rdagox5H6kapz4ZxbuEDMQBGeH1V63DEA=
github.com/samber/mo v1.5.2 h1:MINtAxMiorTmlWWPmd8LBms0OoHZJsEEBY5yI/DXFa8=
github.com/samber/mo v1.5.2/go.mod h1:pDuQgWscOVGGoEz+NAeth/Xq+MPAcXxCeph1XIAm/DU=
